# This file is automatically @generated by Poetry 1.5.5 and should not be changed by hand.

[[package]]
name = "pyxel"
version = "2.0.7"
description = "A retro game engine for Python"
optional = false
python-versions = ">=3.7"
files = [
    {file = "pyxel-2.0.7-cp37-abi3-macosx_10_12_x86_64.whl", hash = "sha256:8e16dd46c025c67931041ccd043882e2ec43294ab07285de9c0bdfd8e6e33c2e"},
    {file = "pyxel-2.0.7-cp37-abi3-macosx_11_0_arm64.whl", hash = "sha256:8be413757234dde30180d62ae54ed5a5878064082b61e0566ef04edd9a956366"},
    {file = "pyxel-2.0.7-cp37-abi3-manylinux_2_17_aarch64.manylinux2014_aarch64.whl", hash = "sha256:20596e47b17257108cb89e910542dee0aea78239855ce1ae8c86959dded70297"},
    {file = "pyxel-2.0.7-cp37-abi3-manylinux_2_17_armv7l.manylinux2014_armv7l.whl", hash = "sha256:0f2d3f82f787531d5db941a3b893aeeda75cb5f7ae64dcfdaed8b246c853c53e"},
    {file = "pyxel-2.0.7-cp37-abi3-manylinux_2_17_i686.manylinux2014_i686.whl", hash = "sha256:59da7d1ba240604cd35914c12bfca5832001dbdf83bc11485c71269881d82d83"},
    {file = "pyxel-2.0.7-cp37-abi3-manylinux_2_17_x86_64.manylinux2014_x86_64.whl", hash = "sha256:02bf59a0ebb55f75ee9e15c740e17ec0c0fa72637aa73c274b6e265797b1ce4b"},
    {file = "pyxel-2.0.7-cp37-abi3-win32.whl", hash = "sha256:dae2839955f3377130a0aa45d64887a64a11895f82247d8abc4a4a1025a982fa"},
    {file = "pyxel-2.0.7-cp37-abi3-win_amd64.whl", hash = "sha256:c7d30409a778e8f3ef32cc24c27d403c8bac4d2cf9d3e4e1593eca6c02b7381b"},
]

[metadata]
lock-version = "2.0"
python-versions = ">=3.11,<3.12"
content-hash = "411e90a6377494297796f0d1b62dbe210b1688dacc33cfbe8ef028045889e3dc"
